
Microsoft Visual Studio Solution File, Format Version 12.00
# Visual Studio Version 17
VisualStudioVersion = 17.0.32014.148
MinimumVisualStudioVersion = 10.0.40219.1
Project("{FAE04EC0-301F-11D3-BF4B-00C04F79EFBC}") = "testGrpcService", "testGrpcService\testGrpcService.csproj", "{EB001429-1E71-4CFE-A264-9ED3749EA4D4}"
EndProject
Project("{FAE04EC0-301F-11D3-BF4B-00C04F79EFBC}") = "testGrpcClient", "testGrpcClient\testGrpcClient.csproj", "{B0B4FD0E-BC6E-4508-89E2-489FF93EE3B3}"
EndProject
Global
	GlobalSection(SolutionConfigurationPlatforms) = preSolution
		Debug|Any CPU = Debug|Any CPU
		Release|Any CPU = Release|Any CPU
	EndGlobalSection
	GlobalSection(ProjectConfigurationPlatforms) = postSolution
		{EB001429-1E71-4CFE-A264-9ED3749EA4D4}.Debug|Any CPU.ActiveCfg = Debug|Any CPU
		{EB001429-1E71-4CFE-A264-9ED3749EA4D4}.Debug|Any CPU.Build.0 = Debug|Any CPU
		{EB001429-1E71-4CFE-A264-9ED3749EA4D4}.Release|Any CPU.ActiveCfg = Release|Any CPU
		{EB001429-1E71-4CFE-A264-9ED3749EA4D4}.Release|Any CPU.Build.0 = Release|Any CPU
		{B0B4FD0E-BC6E-4508-89E2-489FF93EE3B3}.Debug|Any CPU.ActiveCfg = Debug|Any CPU
		{B0B4FD0E-BC6E-4508-89E2-489FF93EE3B3}.Debug|Any CPU.Build.0 = Debug|Any CPU
		{B0B4FD0E-BC6E-4508-89E2-489FF93EE3B3}.Release|Any CPU.ActiveCfg = Release|Any CPU
		{B0B4FD0E-BC6E-4508-89E2-489FF93EE3B3}.Release|Any CPU.Build.0 = Release|Any CPU
	EndGlobalSection
	GlobalSection(SolutionProperties) = preSolution
		HideSolutionNode = FALSE
	EndGlobalSection
	GlobalSection(ExtensibilityGlobals) = postSolution
		SolutionGuid = {AAD9F642-0C35-40A2-BAE4-53748965FF5F}
	EndGlobalSection
EndGlobal
